
Microsoft Visual Studio Solution File, Format Version 12.00
# Visual Studio 15
VisualStudioVersion = 15.0.27004.2005
MinimumVisualStudioVersion = 10.0.40219.1
Project("{FAE04EC0-301F-11D3-BF4B-00C04F79EFBC}") = "DAOAsphyoMySql", "DAOAsphyoMySql\DAOAsphyoMySql.csproj", "{A5BF9CAC-6ACF-41D6-8661-13E4CF2481EE}"
EndProject
Project("{FAE04EC0-301F-11D3-BF4B-00C04F79EFBC}") = "DAOAsphyoSqlServer", "DAOAsphyoSqlServer\DAOAsphyoSqlServer.csproj", "{19B40B71-7893-4B43-8707-680631EF8D6C}"
EndProject
Project("{FAE04EC0-301F-11D3-BF4B-00C04F79EFBC}") = "BEUAsphyo", "BEUAsphyo\BEUAsphyo.csproj", "{A26A2BD3-2D36-4428-89DB-48E17D9190A3}"
EndProject
Project("{FAE04EC0-301F-11D3-BF4B-00C04F79EFBC}") = "BLAsphyo", "BLAsphyo\BLAsphyo.csproj", "{6F138F29-6AEE-4ADA-B884-0FD27DF60ACC}"
EndProject
Project("{FAE04EC0-301F-11D3-BF4B-00C04F79EFBC}") = "UIAsphyo", "UIAsphyo\UIAsphyo.csproj", "{673713E0-5D02-4669-A829-3FF609FEEF2F}"
EndProject
Global
	GlobalSection(SolutionConfigurationPlatforms) = preSolution
		Debug|Any CPU = Debug|Any CPU
		Release|Any CPU = Release|Any CPU
	EndGlobalSection
	GlobalSection(ProjectConfigurationPlatforms) = postSolution
		{A5BF9CAC-6ACF-41D6-8661-13E4CF2481EE}.Debug|Any CPU.ActiveCfg = Debug|Any CPU
		{A5BF9CAC-6ACF-41D6-8661-13E4CF2481EE}.Debug|Any CPU.Build.0 = Debug|Any CPU
		{A5BF9CAC-6ACF-41D6-8661-13E4CF2481EE}.Release|Any CPU.ActiveCfg = Release|Any CPU
		{A5BF9CAC-6ACF-41D6-8661-13E4CF2481EE}.Release|Any CPU.Build.0 = Release|Any CPU
		{19B40B71-7893-4B43-8707-680631EF8D6C}.Debug|Any CPU.ActiveCfg = Debug|Any CPU
		{19B40B71-7893-4B43-8707-680631EF8D6C}.Debug|Any CPU.Build.0 = Debug|Any CPU
		{19B40B71-7893-4B43-8707-680631EF8D6C}.Release|Any CPU.ActiveCfg = Release|Any CPU
		{19B40B71-7893-4B43-8707-680631EF8D6C}.Release|Any CPU.Build.0 = Release|Any CPU
		{A26A2BD3-2D36-4428-89DB-48E17D9190A3}.Debug|Any CPU.ActiveCfg = Debug|Any CPU
		{A26A2BD3-2D36-4428-89DB-48E17D9190A3}.Debug|Any CPU.Build.0 = Debug|Any CPU
		{A26A2BD3-2D36-4428-89DB-48E17D9190A3}.Release|Any CPU.ActiveCfg = Release|Any CPU
		{A26A2BD3-2D36-4428-89DB-48E17D9190A3}.Release|Any CPU.Build.0 = Release|Any CPU
		{6F138F29-6AEE-4ADA-B884-0FD27DF60ACC}.Debug|Any CPU.ActiveCfg = Debug|Any CPU
		{6F138F29-6AEE-4ADA-B884-0FD27DF60ACC}.Debug|Any CPU.Build.0 = Debug|Any CPU
		{6F138F29-6AEE-4ADA-B884-0FD27DF60ACC}.Release|Any CPU.ActiveCfg = Release|Any CPU
		{6F138F29-6AEE-4ADA-B884-0FD27DF60ACC}.Release|Any CPU.Build.0 = Release|Any CPU
		{673713E0-5D02-4669-A829-3FF609FEEF2F}.Debug|Any CPU.ActiveCfg = Debug|Any CPU
		{673713E0-5D02-4669-A829-3FF609FEEF2F}.Debug|Any CPU.Build.0 = Debug|Any CPU
		{673713E0-5D02-4669-A829-3FF609FEEF2F}.Release|Any CPU.ActiveCfg = Release|Any CPU
		{673713E0-5D02-4669-A829-3FF609FEEF2F}.Release|Any CPU.Build.0 = Release|Any CPU
	EndGlobalSection
	GlobalSection(SolutionProperties) = preSolution
		HideSolutionNode = FALSE
	EndGlobalSection
	GlobalSection(ExtensibilityGlobals) = postSolution
		SolutionGuid = {8EDAC436-A1CC-49C9-BA2D-A1F5B5E89BDE}
	EndGlobalSection
EndGlobal
